
Microsoft Visual Studio Solution File, Format Version 12.00
# Visual Studio Version 16
VisualStudioVersion = 16.0.29519.161
MinimumVisualStudioVersion = 10.0.40219.1
Project("{FAE04EC0-301F-11D3-BF4B-00C04F79EFBC}") = "GrpcServer", "GrpcServer\GrpcServer.csproj", "{D8AEA2E0-BAB4-41D7-AFE4-A48536FF55E3}"
EndProject
Project("{FAE04EC0-301F-11D3-BF4B-00C04F79EFBC}") = "GrpcClient", "GrpcClient\GrpcClient.csproj", "{01C47BEA-2FF8-44CB-978C-60A740F98CB8}"
EndProject
Global
	GlobalSection(SolutionConfigurationPlatforms) = preSolution
		Debug|Any CPU = Debug|Any CPU
		Release|Any CPU = Release|Any CPU
	EndGlobalSection
	GlobalSection(ProjectConfigurationPlatforms) = postSolution
		{D8AEA2E0-BAB4-41D7-AFE4-A48536FF55E3}.Debug|Any CPU.ActiveCfg = Debug|Any CPU
		{D8AEA2E0-BAB4-41D7-AFE4-A48536FF55E3}.Debug|Any CPU.Build.0 = Debug|Any CPU
		{D8AEA2E0-BAB4-41D7-AFE4-A48536FF55E3}.Release|Any CPU.ActiveCfg = Release|Any CPU
		{D8AEA2E0-BAB4-41D7-AFE4-A48536FF55E3}.Release|Any CPU.Build.0 = Release|Any CPU
		{01C47BEA-2FF8-44CB-978C-60A740F98CB8}.Debug|Any CPU.ActiveCfg = Debug|Any CPU
		{01C47BEA-2FF8-44CB-978C-60A740F98CB8}.Debug|Any CPU.Build.0 = Debug|Any CPU
		{01C47BEA-2FF8-44CB-978C-60A740F98CB8}.Release|Any CPU.ActiveCfg = Release|Any CPU
		{01C47BEA-2FF8-44CB-978C-60A740F98CB8}.Release|Any CPU.Build.0 = Release|Any CPU
	EndGlobalSection
	GlobalSection(SolutionProperties) = preSolution
		HideSolutionNode = FALSE
	EndGlobalSection
	GlobalSection(ExtensibilityGlobals) = postSolution
		SolutionGuid = {E88D82F3-F832-4301-B72A-B2809C22584B}
	EndGlobalSection
EndGlobal
